
Microsoft Visual Studio Solution File, Format Version 12.00
# Visual Studio Version 16
VisualStudioVersion = 16.0.30907.101
MinimumVisualStudioVersion = 10.0.40219.1
Project("{FAE04EC0-301F-11D3-BF4B-00C04F79EFBC}") = "MyDictionary", "MyDictionary\MyDictionary.csproj", "{0DF44FB9-6C89-4F80-BCD1-67EAFFEEBEFE}"
EndProject
Global
	GlobalSection(SolutionConfigurationPlatforms) = preSolution
		Debug|Any CPU = Debug|Any CPU
		Release|Any CPU = Release|Any CPU
	EndGlobalSection
	GlobalSection(ProjectConfigurationPlatforms) = postSolution
		{0DF44FB9-6C89-4F80-BCD1-67EAFFEEBEFE}.Debug|Any CPU.ActiveCfg = Debug|Any CPU
		{0DF44FB9-6C89-4F80-BCD1-67EAFFEEBEFE}.Debug|Any CPU.Build.0 = Debug|Any CPU
		{0DF44FB9-6C89-4F80-BCD1-67EAFFEEBEFE}.Release|Any CPU.ActiveCfg = Release|Any CPU
		{0DF44FB9-6C89-4F80-BCD1-67EAFFEEBEFE}.Release|Any CPU.Build.0 = Release|Any CPU
	EndGlobalSection
	GlobalSection(SolutionProperties) = preSolution
		HideSolutionNode = FALSE
	EndGlobalSection
	GlobalSection(ExtensibilityGlobals) = postSolution
		SolutionGuid = {3BF1EF7F-CECF-41C8-B5BD-12F56109375A}
	EndGlobalSection
EndGlobal
